// !$*UTF8*$!
{
	archiveVersion = 1;
	classes = {
	};
	objectVersion = 60;
	objects = {

/* Begin PBXBuildFile section */
		BF70C2EE2B8B6C0A002B72C0 /* NotPokerApp.swift in Sources */ = {isa = PBXBuildFile; fileRef = BF70C2EA2B8B6C0A002B72C0 /* NotPokerApp.swift */; };
		BF70C2EF2B8B6C0A002B72C0 /* AppView.swift in Sources */ = {isa = PBXBuildFile; fileRef = BF70C2EB2B8B6C0A002B72C0 /* AppView.swift */; };
		BF70C2F32B8B6C9A002B72C0 /* Version.xcconfig in Resources */ = {isa = PBXBuildFile; fileRef = BF70C2F22B8B6C9A002B72C0 /* Version.xcconfig */; };
		BF70C2F52B8B6D3F002B72C0 /* App.xcconfig in Resources */ = {isa = PBXBuildFile; fileRef = BF70C2F42B8B6D3F002B72C0 /* App.xcconfig */; };
		BF8A54362B8B7AD300AFCA7E /* GameContainerView.swift in Sources */ = {isa = PBXBuildFile; fileRef = BF8A54352B8B7AD300AFCA7E /* GameContainerView.swift */; };
		BF8A54392B8B7DC900AFCA7E /* NotPokerApi in Frameworks */ = {isa = PBXBuildFile; productRef = BF8A54382B8B7DC900AFCA7E /* NotPokerApi */; };
		BF8A543A2B8B845100AFCA7E /* Assets.xcassets in Resources */ = {isa = PBXBuildFile; fileRef = BF70C2E62B8B6C0A002B72C0 /* Assets.xcassets */; };
		BF8A543C2B8BEC3400AFCA7E /* GameTest.js in Resources */ = {isa = PBXBuildFile; fileRef = BF8A543B2B8BEC3400AFCA7E /* GameTest.js */; };
		BFB6672E2B8E938400492468 /* ImportedTest.js in Resources */ = {isa = PBXBuildFile; fileRef = BFB6672D2B8E938400492468 /* ImportedTest.js */; };
		BFFF5A882B8D1D0F0038148E /* Games in Resources */ = {isa = PBXBuildFile; fileRef = BFFF5A872B8D1D0F0038148E /* Games */; };
/* End PBXBuildFile section */

/* Begin PBXFileReference section */
		BF3EB1142B8B6B3400F1CA06 /* NotPoker.app */ = {isa = PBXFileReference; explicitFileType = wrapper.application; includeInIndex = 0; path = NotPoker.app; sourceTree = BUILT_PRODUCTS_DIR; };
		BF70C2E62B8B6C0A002B72C0 /* Assets.xcassets */ = {isa = PBXFileReference; lastKnownFileType = folder.assetcatalog; path = Assets.xcassets; sourceTree = "<group>"; };
		BF70C2E92B8B6C0A002B72C0 /* NotPoker.entitlements */ = {isa = PBXFileReference; fileEncoding = 4; lastKnownFileType = text.plist.entitlements; path = NotPoker.entitlements; sourceTree = "<group>"; };
		BF70C2EA2B8B6C0A002B72C0 /* NotPokerApp.swift */ = {isa = PBXFileReference; fileEncoding = 4; lastKnownFileType = sourcecode.swift; path = NotPokerApp.swift; sourceTree = "<group>"; };
		BF70C2EB2B8B6C0A002B72C0 /* AppView.swift */ = {isa = PBXFileReference; fileEncoding = 4; lastKnownFileType = sourcecode.swift; path = AppView.swift; sourceTree = "<group>"; };
		BF70C2F22B8B6C9A002B72C0 /* Version.xcconfig */ = {isa = PBXFileReference; fileEncoding = 4; lastKnownFileType = text.xcconfig; path = Version.xcconfig; sourceTree = "<group>"; };
		BF70C2F42B8B6D3F002B72C0 /* App.xcconfig */ = {isa = PBXFileReference; fileEncoding = 4; lastKnownFileType = text.xcconfig; path = App.xcconfig; sourceTree = "<group>"; };
		BF8A54342B8B744500AFCA7E /* NotPokerApi */ = {isa = PBXFileReference; lastKnownFileType = folder; path = NotPokerApi; sourceTree = "<group>"; };
		BF8A54352B8B7AD300AFCA7E /* GameContainerView.swift */ = {isa = PBXFileReference; fileEncoding = 4; lastKnownFileType = sourcecode.swift; path = GameContainerView.swift; sourceTree = "<group>"; };
		BF8A543B2B8BEC3400AFCA7E /* GameTest.js */ = {isa = PBXFileReference; fileEncoding = 4; lastKnownFileType = sourcecode.javascript; path = GameTest.js; sourceTree = "<group>"; };
		BFB6672D2B8E938400492468 /* ImportedTest.js */ = {isa = PBXFileReference; fileEncoding = 4; lastKnownFileType = sourcecode.javascript; path = ImportedTest.js; sourceTree = "<group>"; };
		BFFF5A872B8D1D0F0038148E /* Games */ = {isa = PBXFileReference; fileEncoding = 4; lastKnownFileType = text; name = Games; path = NotPokerApi/Games; sourceTree = SOURCE_ROOT; };
/* End PBXFileReference section */

/* Begin PBXFrameworksBuildPhase section */
		BF3EB1112B8B6B3400F1CA06 /* Frameworks */ = {
			isa = PBXFrameworksBuildPhase;
			buildActionMask = 2147483647;
			files = (
				BF8A54392B8B7DC900AFCA7E /* NotPokerApi in Frameworks */,
			);
			runOnlyForDeploymentPostprocessing = 0;
		};
/* End PBXFrameworksBuildPhase section */

/* Begin PBXGroup section */
		BF3EB10B2B8B6B3400F1CA06 = {
			isa = PBXGroup;
			children = (
				BF8A54342B8B744500AFCA7E /* NotPokerApi */,
				BF70C2E52B8B6C0A002B72C0 /* Source */,
				BF3EB1262B8B6B8B00F1CA06 /* App */,
				BF3EB1152B8B6B3400F1CA06 /* Products */,
				BF8A54372B8B7DC900AFCA7E /* Frameworks */,
			);
			sourceTree = "<group>";
		};
		BF3EB1152B8B6B3400F1CA06 /* Products */ = {
			isa = PBXGroup;
			children = (
				BF3EB1142B8B6B3400F1CA06 /* NotPoker.app */,
			);
			name = Products;
			sourceTree = "<group>";
		};
		BF3EB1262B8B6B8B00F1CA06 /* App */ = {
			isa = PBXGroup;
			children = (
				BF70C2F42B8B6D3F002B72C0 /* App.xcconfig */,
				BF70C2F22B8B6C9A002B72C0 /* Version.xcconfig */,
				BF70C2E62B8B6C0A002B72C0 /* Assets.xcassets */,
				BF70C2E92B8B6C0A002B72C0 /* NotPoker.entitlements */,
			);
			path = App;
			sourceTree = "<group>";
		};
		BF70C2E52B8B6C0A002B72C0 /* Source */ = {
			isa = PBXGroup;
			children = (
				BFFF5A872B8D1D0F0038148E /* Games */,
				BF8A543B2B8BEC3400AFCA7E /* GameTest.js */,
				BFB6672D2B8E938400492468 /* ImportedTest.js */,
				BF70C2EA2B8B6C0A002B72C0 /* NotPokerApp.swift */,
				BF8A54352B8B7AD300AFCA7E /* GameContainerView.swift */,
				BF70C2EB2B8B6C0A002B72C0 /* AppView.swift */,
			);
			path = Source;
			sourceTree = "<group>";
		};
		BF8A54372B8B7DC900AFCA7E /* Frameworks */ = {
			isa = PBXGroup;
			children = (
			);
			name = Frameworks;
			sourceTree = "<group>";
		};
/* End PBXGroup section */

/* Begin PBXNativeTarget section */
		BF3EB1132B8B6B3400F1CA06 /* NotPoker */ = {
			isa = PBXNativeTarget;
			buildConfigurationList = BF3EB1232B8B6B3500F1CA06 /* Build configuration list for PBXNativeTarget "NotPoker" */;
			buildPhases = (
				BF3EB1102B8B6B3400F1CA06 /* Sources */,
				BF3EB1112B8B6B3400F1CA06 /* Frameworks */,
				BF3EB1122B8B6B3400F1CA06 /* Resources */,
			);
			buildRules = (
			);
			dependencies = (
			);
			name = NotPoker;
			packageProductDependencies = (
				BF8A54382B8B7DC900AFCA7E /* NotPokerApi */,
			);
			productName = NotPoker;
			productReference = BF3EB1142B8B6B3400F1CA06 /* NotPoker.app */;
			productType = "com.apple.product-type.application";
		};
/* End PBXNativeTarget section */

/* Begin PBXProject section */
		BF3EB10C2B8B6B3400F1CA06 /* Project object */ = {
			isa = PBXProject;
			attributes = {
				BuildIndependentTargetsInParallel = 1;
				LastSwiftUpdateCheck = 1520;
				LastUpgradeCheck = 1520;
				TargetAttributes = {
					BF3EB1132B8B6B3400F1CA06 = {
						CreatedOnToolsVersion = 15.2;
					};
				};
			};
			buildConfigurationList = BF3EB10F2B8B6B3400F1CA06 /* Build configuration list for PBXProject "NotPoker" */;
			compatibilityVersion = "Xcode 14.0";
			developmentRegion = en;
			hasScannedForEncodings = 0;
			knownRegions = (
				en,
				Base,
			);
			mainGroup = BF3EB10B2B8B6B3400F1CA06;
			packageReferences = (
				BF8A54312B8B719600AFCA7E /* XCLocalSwiftPackageReference "NotPokerApi/Client.SwiftPackage" */,
			);
			productRefGroup = BF3EB1152B8B6B3400F1CA06 /* Products */;
			projectDirPath = "";
			projectRoot = "";
			targets = (
				BF3EB1132B8B6B3400F1CA06 /* NotPoker */,
			);
		};
/* End PBXProject section */

/* Begin PBXResourcesBuildPhase section */
		BF3EB1122B8B6B3400F1CA06 /* Resources */ = {
			isa = PBXResourcesBuildPhase;
			buildActionMask = 2147483647;
			files = (
				BFFF5A882B8D1D0F0038148E /* Games in Resources */,
				BF8A543C2B8BEC3400AFCA7E /* GameTest.js in Resources */,
				BF70C2F52B8B6D3F002B72C0 /* App.xcconfig in Resources */,
				BF8A543A2B8B845100AFCA7E /* Assets.xcassets in Resources */,
				BFB6672E2B8E938400492468 /* ImportedTest.js in Resources */,
				BF70C2F32B8B6C9A002B72C0 /* Version.xcconfig in Resources */,
			);
			runOnlyForDeploymentPostprocessing = 0;
		};
/* End PBXResourcesBuildPhase section */

/* Begin PBXSourcesBuildPhase section */
		BF3EB1102B8B6B3400F1CA06 /* Sources */ = {
			isa = PBXSourcesBuildPhase;
			buildActionMask = 2147483647;
			files = (
				BF8A54362B8B7AD300AFCA7E /* GameContainerView.swift in Sources */,
				BF70C2EE2B8B6C0A002B72C0 /* NotPokerApp.swift in Sources */,
				BF70C2EF2B8B6C0A002B72C0 /* AppView.swift in Sources */,
			);
			runOnlyForDeploymentPostprocessing = 0;
		};
/* End PBXSourcesBuildPhase section */

/* Begin XCBuildConfiguration section */
		BF3EB1212B8B6B3500F1CA06 /* Debug */ = {
			isa = XCBuildConfiguration;
			buildSettings = {
				ALWAYS_SEARCH_USER_PATHS = NO;
				ASSETCATALOG_COMPILER_GENERATE_SWIFT_ASSET_SYMBOL_EXTENSIONS = YES;
				CLANG_ANALYZER_NONNULL = YES;
				CLANG_ANALYZER_NUMBER_OBJECT_CONVERSION = YES_AGGRESSIVE;
				CLANG_ENABLE_MODULES = YES;
				CLANG_ENABLE_OBJC_ARC = YES;
				CLANG_ENABLE_OBJC_WEAK = YES;
				CLANG_WARN_BLOCK_CAPTURE_AUTORELEASING = YES;
				CLANG_WARN_BOOL_CONVERSION = YES;
				CLANG_WARN_COMMA = YES;
				CLANG_WARN_CONSTANT_CONVERSION = YES;
				CLANG_WARN_DEPRECATED_OBJC_IMPLEMENTATIONS = YES;
				CLANG_WARN_DIRECT_OBJC_ISA_USAGE = YES_ERROR;
				CLANG_WARN_DOCUMENTATION_COMMENTS = YES;
				CLANG_WARN_EMPTY_BODY = YES;
				CLANG_WARN_ENUM_CONVERSION = YES;
				CLANG_WARN_INFINITE_RECURSION = YES;
				CLANG_WARN_INT_CONVERSION = YES;
				CLANG_WARN_NON_LITERAL_NULL_CONVERSION = YES;
				CLANG_WARN_OBJC_IMPLICIT_RETAIN_SELF = YES;
				CLANG_WARN_OBJC_LITERAL_CONVERSION = YES;
				CLANG_WARN_OBJC_ROOT_CLASS = YES_ERROR;
				CLANG_WARN_QUOTED_INCLUDE_IN_FRAMEWORK_HEADER = YES;
				CLANG_WARN_RANGE_LOOP_ANALYSIS = YES;
				CLANG_WARN_STRICT_PROTOTYPES = YES;
				CLANG_WARN_SUSPICIOUS_MOVE = YES;
				CLANG_WARN_UNGUARDED_AVAILABILITY = YES_AGGRESSIVE;
				CLANG_WARN_UNREACHABLE_CODE = YES;
				CLANG_WARN__DUPLICATE_METHOD_MATCH = YES;
				COPY_PHASE_STRIP = NO;
				DEBUG_INFORMATION_FORMAT = dwarf;
				ENABLE_STRICT_OBJC_MSGSEND = YES;
				ENABLE_TESTABILITY = YES;
				GCC_C_LANGUAGE_STANDARD = gnu17;
				GCC_DYNAMIC_NO_PIC = NO;
				GCC_NO_COMMON_BLOCKS = YES;
				GCC_OPTIMIZATION_LEVEL = 0;
				GCC_PREPROCESSOR_DEFINITIONS = (
					"DEBUG=1",
					"$(inherited)",
				);
				GCC_WARN_64_TO_32_BIT_CONVERSION = YES;
				GCC_WARN_ABOUT_RETURN_TYPE = YES_ERROR;
				GCC_WARN_UNDECLARED_SELECTOR = YES;
				GCC_WARN_UNINITIALIZED_AUTOS = YES_AGGRESSIVE;
				GCC_WARN_UNUSED_FUNCTION = YES;
				GCC_WARN_UNUSED_VARIABLE = YES;
				LOCALIZATION_PREFERS_STRING_CATALOGS = YES;
				MTL_ENABLE_DEBUG_INFO = INCLUDE_SOURCE;
				MTL_FAST_MATH = YES;
				ONLY_ACTIVE_ARCH = YES;
				SWIFT_ACTIVE_COMPILATION_CONDITIONS = "DEBUG $(inherited)";
				SWIFT_OPTIMIZATION_LEVEL = "-Onone";
			};
			name = Debug;
		};
		BF3EB1222B8B6B3500F1CA06 /* Release */ = {
			isa = XCBuildConfiguration;
			buildSettings = {
				ALWAYS_SEARCH_USER_PATHS = NO;
				ASSETCATALOG_COMPILER_GENERATE_SWIFT_ASSET_SYMBOL_EXTENSIONS = YES;
				CLANG_ANALYZER_NONNULL = YES;
				CLANG_ANALYZER_NUMBER_OBJECT_CONVERSION = YES_AGGRESSIVE;
				CLANG_ENABLE_MODULES = YES;
				CLANG_ENABLE_OBJC_ARC = YES;
				CLANG_ENABLE_OBJC_WEAK = YES;
				CLANG_WARN_BLOCK_CAPTURE_AUTORELEASING = YES;
				CLANG_WARN_BOOL_CONVERSION = YES;
				CLANG_WARN_COMMA = YES;
				CLANG_WARN_CONSTANT_CONVERSION = YES;
				CLANG_WARN_DEPRECATED_OBJC_IMPLEMENTATIONS = YES;
				CLANG_WARN_DIRECT_OBJC_ISA_USAGE = YES_ERROR;
				CLANG_WARN_DOCUMENTATION_COMMENTS = YES;
				CLANG_WARN_EMPTY_BODY = YES;
				CLANG_WARN_ENUM_CONVERSION = YES;
				CLANG_WARN_INFINITE_RECURSION = YES;
				CLANG_WARN_INT_CONVERSION = YES;
				CLANG_WARN_NON_LITERAL_NULL_CONVERSION = YES;
				CLANG_WARN_OBJC_IMPLICIT_RETAIN_SELF = YES;
				CLANG_WARN_OBJC_LITERAL_CONVERSION = YES;
				CLANG_WARN_OBJC_ROOT_CLASS = YES_ERROR;
				CLANG_WARN_QUOTED_INCLUDE_IN_FRAMEWORK_HEADER = YES;
				CLANG_WARN_RANGE_LOOP_ANALYSIS = YES;
				CLANG_WARN_STRICT_PROTOTYPES = YES;
				CLANG_WARN_SUSPICIOUS_MOVE = YES;
				CLANG_WARN_UNGUARDED_AVAILABILITY = YES_AGGRESSIVE;
				CLANG_WARN_UNREACHABLE_CODE = YES;
				CLANG_WARN__DUPLICATE_METHOD_MATCH = YES;
				COPY_PHASE_STRIP = NO;
				DEBUG_INFORMATION_FORMAT = "dwarf-with-dsym";
				ENABLE_NS_ASSERTIONS = NO;
				ENABLE_STRICT_OBJC_MSGSEND = YES;
				GCC_C_LANGUAGE_STANDARD = gnu17;
				GCC_NO_COMMON_BLOCKS = YES;
				GCC_WARN_64_TO_32_BIT_CONVERSION = YES;
				GCC_WARN_ABOUT_RETURN_TYPE = YES_ERROR;
				GCC_WARN_UNDECLARED_SELECTOR = YES;
				GCC_WARN_UNINITIALIZED_AUTOS = YES_AGGRESSIVE;
				GCC_WARN_UNUSED_FUNCTION = YES;
				GCC_WARN_UNUSED_VARIABLE = YES;
				LOCALIZATION_PREFERS_STRING_CATALOGS = YES;
				MTL_ENABLE_DEBUG_INFO = NO;
				MTL_FAST_MATH = YES;
				SWIFT_COMPILATION_MODE = wholemodule;
			};
			name = Release;
		};
		BF3EB1242B8B6B3500F1CA06 /* Debug */ = {
			isa = XCBuildConfiguration;
			baseConfigurationReference = BF70C2F42B8B6D3F002B72C0 /* App.xcconfig */;
			buildSettings = {
				ASSETCATALOG_COMPILER_APPICON_NAME = AppIcon;
				ASSETCATALOG_COMPILER_GLOBAL_ACCENT_COLOR_NAME = AccentColor;
				CODE_SIGN_ENTITLEMENTS = App/NotPoker.entitlements;
				CODE_SIGN_STYLE = Automatic;
				DEVELOPMENT_TEAM = X52DR36JY2;
				ENABLE_PREVIEWS = YES;
				GENERATE_INFOPLIST_FILE = YES;
				"INFOPLIST_KEY_UIApplicationSceneManifest_Generation[sdk=iphoneos*]" = YES;
				"INFOPLIST_KEY_UIApplicationSceneManifest_Generation[sdk=iphonesimulator*]" = YES;
				"INFOPLIST_KEY_UIApplicationSupportsIndirectInputEvents[sdk=iphoneos*]" = YES;
				"INFOPLIST_KEY_UIApplicationSupportsIndirectInputEvents[sdk=iphonesimulator*]" = YES;
				"INFOPLIST_KEY_UILaunchScreen_Generation[sdk=iphoneos*]" = YES;
				"INFOPLIST_KEY_UILaunchScreen_Generation[sdk=iphonesimulator*]" = YES;
				"INFOPLIST_KEY_UIStatusBarStyle[sdk=iphoneos*]" = UIStatusBarStyleDefault;
				"INFOPLIST_KEY_UIStatusBarStyle[sdk=iphonesimulator*]" = UIStatusBarStyleDefault;
				INFOPLIST_KEY_UISupportedInterfaceOrientations_iPad = "UIInterfaceOrientationPortrait UIInterfaceOrientationPortraitUpsideDown UIInterfaceOrientationLandscapeLeft UIInterfaceOrientationLandscapeRight";
				INFOPLIST_KEY_UISupportedInterfaceOrientations_iPhone = "UIInterfaceOrientationPortrait UIInterfaceOrientationLandscapeLeft UIInterfaceOrientationLandscapeRight";
				IPHONEOS_DEPLOYMENT_TARGET = 17.2;
				LD_RUNPATH_SEARCH_PATHS = "@executable_path/Frameworks";
				"LD_RUNPATH_SEARCH_PATHS[sdk=macosx*]" = "@executable_path/../Frameworks";
				MACOSX_DEPLOYMENT_TARGET = 14.1;
				SDKROOT = auto;
				SUPPORTED_PLATFORMS = "appletvos appletvsimulator iphoneos iphonesimulator macosx xros xrsimulator";
				SUPPORTS_MACCATALYST = NO;
				SWIFT_EMIT_LOC_STRINGS = YES;
				TARGETED_DEVICE_FAMILY = "1,2";
			};
			name = Debug;
		};
		BF3EB1252B8B6B3500F1CA06 /* Release */ = {
			isa = XCBuildConfiguration;
			baseConfigurationReference = BF70C2F42B8B6D3F002B72C0 /* App.xcconfig */;
			buildSettings = {
				ASSETCATALOG_COMPILER_APPICON_NAME = AppIcon;
				ASSETCATALOG_COMPILER_GLOBAL_ACCENT_COLOR_NAME = AccentColor;
				CODE_SIGN_ENTITLEMENTS = App/NotPoker.entitlements;
				CODE_SIGN_STYLE = Automatic;
				DEVELOPMENT_TEAM = X52DR36JY2;
				ENABLE_PREVIEWS = YES;
				GENERATE_INFOPLIST_FILE = YES;
				"INFOPLIST_KEY_UIApplicationSceneManifest_Generation[sdk=iphoneos*]" = YES;
				"INFOPLIST_KEY_UIApplicationSceneManifest_Generation[sdk=iphonesimulator*]" = YES;
				"INFOPLIST_KEY_UIApplicationSupportsIndirectInputEvents[sdk=iphoneos*]" = YES;
				"INFOPLIST_KEY_UIApplicationSupportsIndirectInputEvents[sdk=iphonesimulator*]" = YES;
				"INFOPLIST_KEY_UILaunchScreen_Generation[sdk=iphoneos*]" = YES;
				"INFOPLIST_KEY_UILaunchScreen_Generation[sdk=iphonesimulator*]" = YES;
				"INFOPLIST_KEY_UIStatusBarStyle[sdk=iphoneos*]" = UIStatusBarStyleDefault;
				"INFOPLIST_KEY_UIStatusBarStyle[sdk=iphonesimulator*]" = UIStatusBarStyleDefault;
				INFOPLIST_KEY_UISupportedInterfaceOrientations_iPad = "UIInterfaceOrientationPortrait UIInterfaceOrientationPortraitUpsideDown UIInterfaceOrientationLandscapeLeft UIInterfaceOrientationLandscapeRight";
				INFOPLIST_KEY_UISupportedInterfaceOrientations_iPhone = "UIInterfaceOrientationPortrait UIInterfaceOrientationLandscapeLeft UIInterfaceOrientationLandscapeRight";
				IPHONEOS_DEPLOYMENT_TARGET = 17.2;
				LD_RUNPATH_SEARCH_PATHS = "@executable_path/Frameworks";
				"LD_RUNPATH_SEARCH_PATHS[sdk=macosx*]" = "@executable_path/../Frameworks";
				MACOSX_DEPLOYMENT_TARGET = 14.1;
				SDKROOT = auto;
				SUPPORTED_PLATFORMS = "appletvos appletvsimulator iphoneos iphonesimulator macosx xros xrsimulator";
				SUPPORTS_MACCATALYST = NO;
				SWIFT_EMIT_LOC_STRINGS = YES;
				TARGETED_DEVICE_FAMILY = "1,2";
			};
			name = Release;
		};
/* End XCBuildConfiguration section */

/* Begin XCConfigurationList section */
		BF3EB10F2B8B6B3400F1CA06 /* Build configuration list for PBXProject "NotPoker" */ = {
			isa = XCConfigurationList;
			buildConfigurations = (
				BF3EB1212B8B6B3500F1CA06 /* Debug */,
				BF3EB1222B8B6B3500F1CA06 /* Release */,
			);
			defaultConfigurationIsVisible = 0;
			defaultConfigurationName = Release;
		};
		BF3EB1232B8B6B3500F1CA06 /* Build configuration list for PBXNativeTarget "NotPoker" */ = {
			isa = XCConfigurationList;
			buildConfigurations = (
				BF3EB1242B8B6B3500F1CA06 /* Debug */,
				BF3EB1252B8B6B3500F1CA06 /* Release */,
			);
			defaultConfigurationIsVisible = 0;
			defaultConfigurationName = Release;
		};
/* End XCConfigurationList section */

/* Begin XCLocalSwiftPackageReference section */
		BF8A54312B8B719600AFCA7E /* XCLocalSwiftPackageReference "NotPokerApi/Client.SwiftPackage" */ = {
			isa = XCLocalSwiftPackageReference;
			relativePath = NotPokerApi/Client.SwiftPackage;
		};
/* End XCLocalSwiftPackageReference section */

/* Begin XCSwiftPackageProductDependency section */
		BF8A54382B8B7DC900AFCA7E /* NotPokerApi */ = {
			isa = XCSwiftPackageProductDependency;
			package = BF8A54312B8B719600AFCA7E /* XCLocalSwiftPackageReference "NotPokerApi/Client.SwiftPackage" */;
			productName = NotPokerApi;
		};
/* End XCSwiftPackageProductDependency section */
	};
	rootObject = BF3EB10C2B8B6B3400F1CA06 /* Project object */;
}
